
Microsoft Visual Studio Solution File, Format Version 12.00
# Visual Studio Version 17
VisualStudioVersion = 17.5.33516.290
MinimumVisualStudioVersion = 10.0.40219.1
Project("{FAE04EC0-301F-11D3-BF4B-00C04F79EFBC}") = "EventHubsSender", "EventHubsSender\EventHubsSender.csproj", "{ACDD063D-1BCB-4A1E-9826-39C5BBB15920}"
EndProject
Project("{FAE04EC0-301F-11D3-BF4B-00C04F79EFBC}") = "EventHubsReceiver", "EventHubsReceiver\EventHubsReceiver.csproj", "{435B7D84-FF5F-4381-B5AD-504EF9E53FE2}"
EndProject
Global
	GlobalSection(SolutionConfigurationPlatforms) = preSolution
		Debug|Any CPU = Debug|Any CPU
		Release|Any CPU = Release|Any CPU
	EndGlobalSection
	GlobalSection(ProjectConfigurationPlatforms) = postSolution
		{ACDD063D-1BCB-4A1E-9826-39C5BBB15920}.Debug|Any CPU.ActiveCfg = Debug|Any CPU
		{ACDD063D-1BCB-4A1E-9826-39C5BBB15920}.Debug|Any CPU.Build.0 = Debug|Any CPU
		{ACDD063D-1BCB-4A1E-9826-39C5BBB15920}.Release|Any CPU.ActiveCfg = Release|Any CPU
		{ACDD063D-1BCB-4A1E-9826-39C5BBB15920}.Release|Any CPU.Build.0 = Release|Any CPU
		{435B7D84-FF5F-4381-B5AD-504EF9E53FE2}.Debug|Any CPU.ActiveCfg = Debug|Any CPU
		{435B7D84-FF5F-4381-B5AD-504EF9E53FE2}.Debug|Any CPU.Build.0 = Debug|Any CPU
		{435B7D84-FF5F-4381-B5AD-504EF9E53FE2}.Release|Any CPU.ActiveCfg = Release|Any CPU
		{435B7D84-FF5F-4381-B5AD-504EF9E53FE2}.Release|Any CPU.Build.0 = Release|Any CPU
	EndGlobalSection
	GlobalSection(SolutionProperties) = preSolution
		HideSolutionNode = FALSE
	EndGlobalSection
	GlobalSection(ExtensibilityGlobals) = postSolution
		SolutionGuid = {ED644FEC-52BE-4F40-AD42-1AE3817C1588}
	EndGlobalSection
EndGlobal
